
Microsoft Visual Studio Solution File, Format Version 12.00
# Visual Studio Version 17
VisualStudioVersion = 17.0.31903.59
MinimumVisualStudioVersion = 10.0.40219.1
Project("{2150E333-8FDC-42A3-9474-1A3956D46DE8}") = "src", "src", "{827E0CD3-B72D-47B6-A68D-7590B98EB39B}"
EndProject
Project("{2150E333-8FDC-42A3-9474-1A3956D46DE8}") = "Backend", "Backend", "{FE360695-3F2B-1049-3887-35FBB5135923}"
EndProject
Project("{FAE04EC0-301F-11D3-BF4B-00C04F79EFBC}") = "VendSys.Domain", "src\Backend\VendSys.Domain\VendSys.Domain.csproj", "{C1210D57-6789-4F24-AB1C-0EC75F0DA5F4}"
EndProject
Project("{FAE04EC0-301F-11D3-BF4B-00C04F79EFBC}") = "VendSys.Application", "src\Backend\VendSys.Application\VendSys.Application.csproj", "{0B49608F-6E48-4147-9539-AE4407C31629}"
EndProject
Project("{FAE04EC0-301F-11D3-BF4B-00C04F79EFBC}") = "VendSys.Infrastructure", "src\Backend\VendSys.Infrastructure\VendSys.Infrastructure.csproj", "{46B913EF-B6D9-417F-8C54-E79698D0F087}"
EndProject
Project("{FAE04EC0-301F-11D3-BF4B-00C04F79EFBC}") = "VendSys.Api", "src\Backend\VendSys.Api\VendSys.Api.csproj", "{79E94051-3C4D-4B26-8DE5-70E267480475}"
EndProject
Project("{2150E333-8FDC-42A3-9474-1A3956D46DE8}") = "Client", "Client", "{C5A3B5EA-BE9F-76E5-E9B8-8A22B289B295}"
EndProject
Project("{FAE04EC0-301F-11D3-BF4B-00C04F79EFBC}") = "VendSys.Maui.Application", "src\Client\VendSys.Maui.Application\VendSys.Maui.Application.csproj", "{04E9D95B-790C-443A-8C96-5FA178511779}"
EndProject
Project("{FAE04EC0-301F-11D3-BF4B-00C04F79EFBC}") = "VendSys.Maui.Infrastructure", "src\Client\VendSys.Maui.Infrastructure\VendSys.Maui.Infrastructure.csproj", "{5ECFF82D-C097-4699-87AF-8C7E1AC97050}"
EndProject
Project("{FAE04EC0-301F-11D3-BF4B-00C04F79EFBC}") = "VendSys.Maui", "src\Client\VendSys.Maui\VendSys.Maui.csproj", "{96B74DAF-30F2-4BCD-9B63-E43D3906E887}"
EndProject
Project("{2150E333-8FDC-42A3-9474-1A3956D46DE8}") = "tests", "tests", "{0AB3BF05-4346-4AA6-1389-037BE0695223}"
EndProject
Project("{2150E333-8FDC-42A3-9474-1A3956D46DE8}") = "Backend", "Backend", "{C62EED4C-2AC9-F50F-E0BC-649CFEA98BDB}"
EndProject
Project("{FAE04EC0-301F-11D3-BF4B-00C04F79EFBC}") = "VendSys.Api.Tests", "tests\Backend\VendSys.Api.Tests\VendSys.Api.Tests.csproj", "{0BB8BA1E-B031-48F2-B37C-652A559BDF96}"
EndProject
Project("{2150E333-8FDC-42A3-9474-1A3956D46DE8}") = "Client", "Client", "{7666E21D-583E-E4FE-A88E-7F4FC790134B}"
EndProject
Project("{FAE04EC0-301F-11D3-BF4B-00C04F79EFBC}") = "VendSys.Maui.Tests", "tests\Client\VendSys.Maui.Tests\VendSys.Maui.Tests.csproj", "{F0E5114A-5FE4-4F2E-8FE5-620424DF6116}"
EndProject
Global
	GlobalSection(SolutionConfigurationPlatforms) = preSolution
		Debug|Any CPU = Debug|Any CPU
		Debug|x64 = Debug|x64
		Debug|x86 = Debug|x86
		Release|Any CPU = Release|Any CPU
		Release|x64 = Release|x64
		Release|x86 = Release|x86
	EndGlobalSection
	GlobalSection(ProjectConfigurationPlatforms) = postSolution
		{C1210D57-6789-4F24-AB1C-0EC75F0DA5F4}.Debug|Any CPU.ActiveCfg = Debug|Any CPU
		{C1210D57-6789-4F24-AB1C-0EC75F0DA5F4}.Debug|Any CPU.Build.0 = Debug|Any CPU
		{C1210D57-6789-4F24-AB1C-0EC75F0DA5F4}.Debug|x64.ActiveCfg = Debug|Any CPU
		{C1210D57-6789-4F24-AB1C-0EC75F0DA5F4}.Debug|x64.Build.0 = Debug|Any CPU
		{C1210D57-6789-4F24-AB1C-0EC75F0DA5F4}.Debug|x86.ActiveCfg = Debug|Any CPU
		{C1210D57-6789-4F24-AB1C-0EC75F0DA5F4}.Debug|x86.Build.0 = Debug|Any CPU
		{C1210D57-6789-4F24-AB1C-0EC75F0DA5F4}.Release|Any CPU.ActiveCfg = Release|Any CPU
		{C1210D57-6789-4F24-AB1C-0EC75F0DA5F4}.Release|Any CPU.Build.0 = Release|Any CPU
		{C1210D57-6789-4F24-AB1C-0EC75F0DA5F4}.Release|x64.ActiveCfg = Release|Any CPU
		{C1210D57-6789-4F24-AB1C-0EC75F0DA5F4}.Release|x64.Build.0 = Release|Any CPU
		{C1210D57-6789-4F24-AB1C-0EC75F0DA5F4}.Release|x86.ActiveCfg = Release|Any CPU
		{C1210D57-6789-4F24-AB1C-0EC75F0DA5F4}.Release|x86.Build.0 = Release|Any CPU
		{0B49608F-6E48-4147-9539-AE4407C31629}.Debug|Any CPU.ActiveCfg = Debug|Any CPU
		{0B49608F-6E48-4147-9539-AE4407C31629}.Debug|Any CPU.Build.0 = Debug|Any CPU
		{0B49608F-6E48-4147-9539-AE4407C31629}.Debug|x64.ActiveCfg = Debug|Any CPU
		{0B49608F-6E48-4147-9539-AE4407C31629}.Debug|x64.Build.0 = Debug|Any CPU
		{0B49608F-6E48-4147-9539-AE4407C31629}.Debug|x86.ActiveCfg = Debug|Any CPU
		{0B49608F-6E48-4147-9539-AE4407C31629}.Debug|x86.Build.0 = Debug|Any CPU
		{0B49608F-6E48-4147-9539-AE4407C31629}.Release|Any CPU.ActiveCfg = Release|Any CPU
		{0B49608F-6E48-4147-9539-AE4407C31629}.Release|Any CPU.Build.0 = Release|Any CPU
		{0B49608F-6E48-4147-9539-AE4407C31629}.Release|x64.ActiveCfg = Release|Any CPU
		{0B49608F-6E48-4147-9539-AE4407C31629}.Release|x64.Build.0 = Release|Any CPU
		{0B49608F-6E48-4147-9539-AE4407C31629}.Release|x86.ActiveCfg = Release|Any CPU
		{0B49608F-6E48-4147-9539-AE4407C31629}.Release|x86.Build.0 = Release|Any CPU
		{46B913EF-B6D9-417F-8C54-E79698D0F087}.Debug|Any CPU.ActiveCfg = Debug|Any CPU
		{46B913EF-B6D9-417F-8C54-E79698D0F087}.Debug|Any CPU.Build.0 = Debug|Any CPU
		{46B913EF-B6D9-417F-8C54-E79698D0F087}.Debug|x64.ActiveCfg = Debug|Any CPU
		{46B913EF-B6D9-417F-8C54-E79698D0F087}.Debug|x64.Build.0 = Debug|Any CPU
		{46B913EF-B6D9-417F-8C54-E79698D0F087}.Debug|x86.ActiveCfg = Debug|Any CPU
		{46B913EF-B6D9-417F-8C54-E79698D0F087}.Debug|x86.Build.0 = Debug|Any CPU
		{46B913EF-B6D9-417F-8C54-E79698D0F087}.Release|Any CPU.ActiveCfg = Release|Any CPU
		{46B913EF-B6D9-417F-8C54-E79698D0F087}.Release|Any CPU.Build.0 = Release|Any CPU
		{46B913EF-B6D9-417F-8C54-E79698D0F087}.Release|x64.ActiveCfg = Release|Any CPU
		{46B913EF-B6D9-417F-8C54-E79698D0F087}.Release|x64.Build.0 = Release|Any CPU
		{46B913EF-B6D9-417F-8C54-E79698D0F087}.Release|x86.ActiveCfg = Release|Any CPU
		{46B913EF-B6D9-417F-8C54-E79698D0F087}.Release|x86.Build.0 = Release|Any CPU
		{79E94051-3C4D-4B26-8DE5-70E267480475}.Debug|Any CPU.ActiveCfg = Debug|Any CPU
		{79E94051-3C4D-4B26-8DE5-70E267480475}.Debug|Any CPU.Build.0 = Debug|Any CPU
		{79E94051-3C4D-4B26-8DE5-70E267480475}.Debug|x64.ActiveCfg = Debug|Any CPU
		{79E94051-3C4D-4B26-8DE5-70E267480475}.Debug|x64.Build.0 = Debug|Any CPU
		{79E94051-3C4D-4B26-8DE5-70E267480475}.Debug|x86.ActiveCfg = Debug|Any CPU
		{79E94051-3C4D-4B26-8DE5-70E267480475}.Debug|x86.Build.0 = Debug|Any CPU
		{79E94051-3C4D-4B26-8DE5-70E267480475}.Release|Any CPU.ActiveCfg = Release|Any CPU
		{79E94051-3C4D-4B26-8DE5-70E267480475}.Release|Any CPU.Build.0 = Release|Any CPU
		{79E94051-3C4D-4B26-8DE5-70E267480475}.Release|x64.ActiveCfg = Release|Any CPU
		{79E94051-3C4D-4B26-8DE5-70E267480475}.Release|x64.Build.0 = Release|Any CPU
		{79E94051-3C4D-4B26-8DE5-70E267480475}.Release|x86.ActiveCfg = Release|Any CPU
		{79E94051-3C4D-4B26-8DE5-70E267480475}.Release|x86.Build.0 = Release|Any CPU
		{04E9D95B-790C-443A-8C96-5FA178511779}.Debug|Any CPU.ActiveCfg = Debug|Any CPU
		{04E9D95B-790C-443A-8C96-5FA178511779}.Debug|Any CPU.Build.0 = Debug|Any CPU
		{04E9D95B-790C-443A-8C96-5FA178511779}.Debug|x64.ActiveCfg = Debug|Any CPU
		{04E9D95B-790C-443A-8C96-5FA178511779}.Debug|x64.Build.0 = Debug|Any CPU
		{04E9D95B-790C-443A-8C96-5FA178511779}.Debug|x86.ActiveCfg = Debug|Any CPU
		{04E9D95B-790C-443A-8C96-5FA178511779}.Debug|x86.Build.0 = Debug|Any CPU
		{04E9D95B-790C-443A-8C96-5FA178511779}.Release|Any CPU.ActiveCfg = Release|Any CPU
		{04E9D95B-790C-443A-8C96-5FA178511779}.Release|Any CPU.Build.0 = Release|Any CPU
		{04E9D95B-790C-443A-8C96-5FA178511779}.Release|x64.ActiveCfg = Release|Any CPU
		{04E9D95B-790C-443A-8C96-5FA178511779}.Release|x64.Build.0 = Release|Any CPU
		{04E9D95B-790C-443A-8C96-5FA178511779}.Release|x86.ActiveCfg = Release|Any CPU
		{04E9D95B-790C-443A-8C96-5FA178511779}.Release|x86.Build.0 = Release|Any CPU
		{5ECFF82D-C097-4699-87AF-8C7E1AC97050}.Debug|Any CPU.ActiveCfg = Debug|Any CPU
		{5ECFF82D-C097-4699-87AF-8C7E1AC97050}.Debug|Any CPU.Build.0 = Debug|Any CPU
		{5ECFF82D-C097-4699-87AF-8C7E1AC97050}.Debug|x64.ActiveCfg = Debug|Any CPU
		{5ECFF82D-C097-4699-87AF-8C7E1AC97050}.Debug|x64.Build.0 = Debug|Any CPU
		{5ECFF82D-C097-4699-87AF-8C7E1AC97050}.Debug|x86.ActiveCfg = Debug|Any CPU
		{5ECFF82D-C097-4699-87AF-8C7E1AC97050}.Debug|x86.Build.0 = Debug|Any CPU
		{5ECFF82D-C097-4699-87AF-8C7E1AC97050}.Release|Any CPU.ActiveCfg = Release|Any CPU
		{5ECFF82D-C097-4699-87AF-8C7E1AC97050}.Release|Any CPU.Build.0 = Release|Any CPU
		{5ECFF82D-C097-4699-87AF-8C7E1AC97050}.Release|x64.ActiveCfg = Release|Any CPU
		{5ECFF82D-C097-4699-87AF-8C7E1AC97050}.Release|x64.Build.0 = Release|Any CPU
		{5ECFF82D-C097-4699-87AF-8C7E1AC97050}.Release|x86.ActiveCfg = Release|Any CPU
		{5ECFF82D-C097-4699-87AF-8C7E1AC97050}.Release|x86.Build.0 = Release|Any CPU
		{96B74DAF-30F2-4BCD-9B63-E43D3906E887}.Debug|Any CPU.ActiveCfg = Debug|Any CPU
		{96B74DAF-30F2-4BCD-9B63-E43D3906E887}.Debug|Any CPU.Build.0 = Debug|Any CPU
		{96B74DAF-30F2-4BCD-9B63-E43D3906E887}.Debug|x64.ActiveCfg = Debug|Any CPU
		{96B74DAF-30F2-4BCD-9B63-E43D3906E887}.Debug|x64.Build.0 = Debug|Any CPU
		{96B74DAF-30F2-4BCD-9B63-E43D3906E887}.Debug|x86.ActiveCfg = Debug|Any CPU
		{96B74DAF-30F2-4BCD-9B63-E43D3906E887}.Debug|x86.Build.0 = Debug|Any CPU
		{96B74DAF-30F2-4BCD-9B63-E43D3906E887}.Release|Any CPU.ActiveCfg = Release|Any CPU
		{96B74DAF-30F2-4BCD-9B63-E43D3906E887}.Release|Any CPU.Build.0 = Release|Any CPU
		{96B74DAF-30F2-4BCD-9B63-E43D3906E887}.Release|x64.ActiveCfg = Release|Any CPU
		{96B74DAF-30F2-4BCD-9B63-E43D3906E887}.Release|x64.Build.0 = Release|Any CPU
		{96B74DAF-30F2-4BCD-9B63-E43D3906E887}.Release|x86.ActiveCfg = Release|Any CPU
		{96B74DAF-30F2-4BCD-9B63-E43D3906E887}.Release|x86.Build.0 = Release|Any CPU
		{0BB8BA1E-B031-48F2-B37C-652A559BDF96}.Debug|Any CPU.ActiveCfg = Debug|Any CPU
		{0BB8BA1E-B031-48F2-B37C-652A559BDF96}.Debug|Any CPU.Build.0 = Debug|Any CPU
		{0BB8BA1E-B031-48F2-B37C-652A559BDF96}.Debug|x64.ActiveCfg = Debug|Any CPU
		{0BB8BA1E-B031-48F2-B37C-652A559BDF96}.Debug|x64.Build.0 = Debug|Any CPU
		{0BB8BA1E-B031-48F2-B37C-652A559BDF96}.Debug|x86.ActiveCfg = Debug|Any CPU
		{0BB8BA1E-B031-48F2-B37C-652A559BDF96}.Debug|x86.Build.0 = Debug|Any CPU
		{0BB8BA1E-B031-48F2-B37C-652A559BDF96}.Release|Any CPU.ActiveCfg = Release|Any CPU
		{0BB8BA1E-B031-48F2-B37C-652A559BDF96}.Release|Any CPU.Build.0 = Release|Any CPU
		{0BB8BA1E-B031-48F2-B37C-652A559BDF96}.Release|x64.ActiveCfg = Release|Any CPU
		{0BB8BA1E-B031-48F2-B37C-652A559BDF96}.Release|x64.Build.0 = Release|Any CPU
		{0BB8BA1E-B031-48F2-B37C-652A559BDF96}.Release|x86.ActiveCfg = Release|Any CPU
		{0BB8BA1E-B031-48F2-B37C-652A559BDF96}.Release|x86.Build.0 = Release|Any CPU
		{F0E5114A-5FE4-4F2E-8FE5-620424DF6116}.Debug|Any CPU.ActiveCfg = Debug|Any CPU
		{F0E5114A-5FE4-4F2E-8FE5-620424DF6116}.Debug|Any CPU.Build.0 = Debug|Any CPU
		{F0E5114A-5FE4-4F2E-8FE5-620424DF6116}.Debug|x64.ActiveCfg = Debug|Any CPU
		{F0E5114A-5FE4-4F2E-8FE5-620424DF6116}.Debug|x64.Build.0 = Debug|Any CPU
		{F0E5114A-5FE4-4F2E-8FE5-620424DF6116}.Debug|x86.ActiveCfg = Debug|Any CPU
		{F0E5114A-5FE4-4F2E-8FE5-620424DF6116}.Debug|x86.Build.0 = Debug|Any CPU
		{F0E5114A-5FE4-4F2E-8FE5-620424DF6116}.Release|Any CPU.ActiveCfg = Release|Any CPU
		{F0E5114A-5FE4-4F2E-8FE5-620424DF6116}.Release|Any CPU.Build.0 = Release|Any CPU
		{F0E5114A-5FE4-4F2E-8FE5-620424DF6116}.Release|x64.ActiveCfg = Release|Any CPU
		{F0E5114A-5FE4-4F2E-8FE5-620424DF6116}.Release|x64.Build.0 = Release|Any CPU
		{F0E5114A-5FE4-4F2E-8FE5-620424DF6116}.Release|x86.ActiveCfg = Release|Any CPU
		{F0E5114A-5FE4-4F2E-8FE5-620424DF6116}.Release|x86.Build.0 = Release|Any CPU
	EndGlobalSection
	GlobalSection(SolutionProperties) = preSolution
		HideSolutionNode = FALSE
	EndGlobalSection
	GlobalSection(NestedProjects) = preSolution
		{FE360695-3F2B-1049-3887-35FBB5135923} = {827E0CD3-B72D-47B6-A68D-7590B98EB39B}
		{C1210D57-6789-4F24-AB1C-0EC75F0DA5F4} = {FE360695-3F2B-1049-3887-35FBB5135923}
		{0B49608F-6E48-4147-9539-AE4407C31629} = {FE360695-3F2B-1049-3887-35FBB5135923}
		{46B913EF-B6D9-417F-8C54-E79698D0F087} = {FE360695-3F2B-1049-3887-35FBB5135923}
		{79E94051-3C4D-4B26-8DE5-70E267480475} = {FE360695-3F2B-1049-3887-35FBB5135923}
		{C5A3B5EA-BE9F-76E5-E9B8-8A22B289B295} = {827E0CD3-B72D-47B6-A68D-7590B98EB39B}
		{04E9D95B-790C-443A-8C96-5FA178511779} = {C5A3B5EA-BE9F-76E5-E9B8-8A22B289B295}
		{5ECFF82D-C097-4699-87AF-8C7E1AC97050} = {C5A3B5EA-BE9F-76E5-E9B8-8A22B289B295}
		{96B74DAF-30F2-4BCD-9B63-E43D3906E887} = {C5A3B5EA-BE9F-76E5-E9B8-8A22B289B295}
		{C62EED4C-2AC9-F50F-E0BC-649CFEA98BDB} = {0AB3BF05-4346-4AA6-1389-037BE0695223}
		{0BB8BA1E-B031-48F2-B37C-652A559BDF96} = {C62EED4C-2AC9-F50F-E0BC-649CFEA98BDB}
		{7666E21D-583E-E4FE-A88E-7F4FC790134B} = {0AB3BF05-4346-4AA6-1389-037BE0695223}
		{F0E5114A-5FE4-4F2E-8FE5-620424DF6116} = {7666E21D-583E-E4FE-A88E-7F4FC790134B}
	EndGlobalSection
EndGlobal
